PODS:
  - ImageViewer (5.0.0)
  - SwiftyTesseract (2.2.2)

DEPENDENCIES:
  - ImageViewer
  - SwiftyTesseract (~> 2.0)

SPEC REPOS:
  trunk:
    - ImageViewer
    - SwiftyTesseract

SPEC CHECKSUMS:
  ImageViewer: 3def6e39c6979ce3e9d001c78eec0d8b895f2f73
  SwiftyTesseract: a05d2c6771872f203a9ba65055cb2a8b6a385552

PODFILE CHECKSUM: 68c08e8c09ff414d4c9b2e79f99f9013199a2246

COCOAPODS: 1.8.3
