// !$*UTF8*$!
{
	archiveVersion = 1;
	classes = {
	};
	objectVersion = 51;
	objects = {

/* Begin PBXBuildFile section */
		1C44651E24190DF900AD2821 /* AddViewController.swift in Sources */ = {isa = PBXBuildFile; fileRef = 1C44651C24190DF800AD2821 /* AddViewController.swift */; };
		1C44651F24190DF900AD2821 /* AddViewController.storyboard in Resources */ = {isa = PBXBuildFile; fileRef = 1C44651D24190DF800AD2821 /* AddViewController.storyboard */; };
		7917F0F6239286CC0076A020 /* icon (1).png in Resources */ = {isa = PBXBuildFile; fileRef = 7917F0F5239286CC0076A020 /* icon (1).png */; };
		793A7F7D240BE7E200C6C0D2 /* Memo.swift in Sources */ = {isa = PBXBuildFile; fileRef = 793A7F7C240BE7E200C6C0D2 /* Memo.swift */; };
		793A7F7F240BE83600C6C0D2 /* UserDefaultsModel.swift in Sources */ = {isa = PBXBuildFile; fileRef = 793A7F7E240BE83600C6C0D2 /* UserDefaultsModel.swift */; };
		793CA8072411E00E0062AD7E /* ViewController.storyboard in Resources */ = {isa = PBXBuildFile; fileRef = 793CA8062411E00E0062AD7E /* ViewController.storyboard */; };
		794116D023EFBE2A004ECD22 /* Memo1.png in Resources */ = {isa = PBXBuildFile; fileRef = 794116CF23EFBE2A004ECD22 /* Memo1.png */; };
		794116DF23EFC2B3004ECD22 /* Memoチュートリアル.008.jpeg in Resources */ = {isa = PBXBuildFile; fileRef = 794116D123EFC2AE004ECD22 /* Memoチュートリアル.008.jpeg */; };
		794116E023EFC2B3004ECD22 /* Memoチュートリアル.012.jpeg in Resources */ = {isa = PBXBuildFile; fileRef = 794116D223EFC2AF004ECD22 /* Memoチュートリアル.012.jpeg */; };
		794116E123EFC2B3004ECD22 /* Memoチュートリアル.009.jpeg in Resources */ = {isa = PBXBuildFile; fileRef = 794116D323EFC2AF004ECD22 /* Memoチュートリアル.009.jpeg */; };
		794116E223EFC2B3004ECD22 /* Memoチュートリアル.003.jpeg in Resources */ = {isa = PBXBuildFile; fileRef = 794116D423EFC2AF004ECD22 /* Memoチュートリアル.003.jpeg */; };
		794116E323EFC2B3004ECD22 /* Memoチュートリアル.014.jpeg in Resources */ = {isa = PBXBuildFile; fileRef = 794116D523EFC2AF004ECD22 /* Memoチュートリアル.014.jpeg */; };
		794116E423EFC2B3004ECD22 /* Memoチュートリアル.007.jpeg in Resources */ = {isa = PBXBuildFile; fileRef = 794116D623EFC2B0004ECD22 /* Memoチュートリアル.007.jpeg */; };
		794116E523EFC2B3004ECD22 /* Memoチュートリアル.011.jpeg in Resources */ = {isa = PBXBuildFile; fileRef = 794116D723EFC2B0004ECD22 /* Memoチュートリアル.011.jpeg */; };
		794116E623EFC2B3004ECD22 /* Memoチュートリアル.004.jpeg in Resources */ = {isa = PBXBuildFile; fileRef = 794116D823EFC2B0004ECD22 /* Memoチュートリアル.004.jpeg */; };
		794116E723EFC2B3004ECD22 /* Memoチュートリアル.005.jpeg in Resources */ = {isa = PBXBuildFile; fileRef = 794116D923EFC2B1004ECD22 /* Memoチュートリアル.005.jpeg */; };
		794116E823EFC2B3004ECD22 /* Memoチュートリアル.013.jpeg in Resources */ = {isa = PBXBuildFile; fileRef = 794116DA23EFC2B1004ECD22 /* Memoチュートリアル.013.jpeg */; };
		794116E923EFC2B3004ECD22 /* Memoチュートリアル.010.jpeg in Resources */ = {isa = PBXBuildFile; fileRef = 794116DB23EFC2B1004ECD22 /* Memoチュートリアル.010.jpeg */; };
		794116EA23EFC2B3004ECD22 /* Memoチュートリアル.001.jpeg in Resources */ = {isa = PBXBuildFile; fileRef = 794116DC23EFC2B2004ECD22 /* Memoチュートリアル.001.jpeg */; };
		794116EB23EFC2B3004ECD22 /* Memoチュートリアル.006.jpeg in Resources */ = {isa = PBXBuildFile; fileRef = 794116DD23EFC2B2004ECD22 /* Memoチュートリアル.006.jpeg */; };
		794116EC23EFC2B3004ECD22 /* Memoチュートリアル.002.jpeg in Resources */ = {isa = PBXBuildFile; fileRef = 794116DE23EFC2B2004ECD22 /* Memoチュートリアル.002.jpeg */; };
		797FD51D238A7F4300416028 /* tessdata in Resources */ = {isa = PBXBuildFile; fileRef = 797FD51C238A7F4300416028 /* tessdata */; };
		797FD51F238C05F800416028 /* No-Image.PNG in Resources */ = {isa = PBXBuildFile; fileRef = 797FD51E238C05F800416028 /* No-Image.PNG */; };
		79E1E75A2386B53D00A4A42E /* AppDelegate.swift in Sources */ = {isa = PBXBuildFile; fileRef = 79E1E7592386B53D00A4A42E /* AppDelegate.swift */; };
		79E1E75F2386B53D00A4A42E /* MemoApp.xcdatamodeld in Sources */ = {isa = PBXBuildFile; fileRef = 79E1E75D2386B53D00A4A42E /* MemoApp.xcdatamodeld */; };
		79E1E7632386B54100A4A42E /* Assets.xcassets in Resources */ = {isa = PBXBuildFile; fileRef = 79E1E7622386B54100A4A42E /* Assets.xcassets */; };
		79E1E7662386B54100A4A42E /* Preview Assets.xcassets in Resources */ = {isa = PBXBuildFile; fileRef = 79E1E7652386B54100A4A42E /* Preview Assets.xcassets */; };
		79E1E7692386B54100A4A42E /* LaunchScreen.storyboard in Resources */ = {isa = PBXBuildFile; fileRef = 79E1E7672386B54100A4A42E /* LaunchScreen.storyboard */; };
		79E1E7742386B54200A4A42E /* MemoAppTests.swift in Sources */ = {isa = PBXBuildFile; fileRef = 79E1E7732386B54200A4A42E /* MemoAppTests.swift */; };
		79E1E77F2386B54200A4A42E /* MemoAppUITests.swift in Sources */ = {isa = PBXBuildFile; fileRef = 79E1E77E2386B54200A4A42E /* MemoAppUITests.swift */; };
		79E1E78D2386B57000A4A42E /* Main.storyboard in Resources */ = {isa = PBXBuildFile; fileRef = 79E1E78C2386B57000A4A42E /* Main.storyboard */; };
		79E1E78F2386B6B100A4A42E /* ViewController.swift in Sources */ = {isa = PBXBuildFile; fileRef = 79E1E78E2386B6B100A4A42E /* ViewController.swift */; };
		79E1E7912386B6BA00A4A42E /* DetailViewController.swift in Sources */ = {isa = PBXBuildFile; fileRef = 79E1E7902386B6BA00A4A42E /* DetailViewController.swift */; };
		79F54BF6240FCF950050DD66 /* TableViewCell.swift in Sources */ = {isa = PBXBuildFile; fileRef = 79F54BF4240FCF950050DD66 /* TableViewCell.swift */; };
		79F54BF7240FCF950050DD66 /* TableViewCell.xib in Resources */ = {isa = PBXBuildFile; fileRef = 79F54BF5240FCF950050DD66 /* TableViewCell.xib */; };
		79F54BFA24111C910050DD66 /* DetailViewController.storyboard in Resources */ = {isa = PBXBuildFile; fileRef = 79F54BF924111C910050DD66 /* DetailViewController.storyboard */; };
		7DFA104F2D16806D501F6111 /* Pods_MemoAppTests.framework in Frameworks */ = {isa = PBXBuildFile; fileRef = DCAB4029358D4ACDF9548CA2 /* Pods_MemoAppTests.framework */; };
		91A9DDB7A11924222DBD8F7B /* Pods_MemoApp.framework in Frameworks */ = {isa = PBXBuildFile; fileRef = 0F737380E61F476A1B316677 /* Pods_MemoApp.framework */; };
		F3C57C7C10E36C56DA957745 /* Pods_MemoApp_MemoAppUITests.framework in Frameworks */ = {isa = PBXBuildFile; fileRef = 34B808BA8B4F14112105E77C /* Pods_MemoApp_MemoAppUITests.framework */; };
/* End PBXBuildFile section */

/* Begin PBXContainerItemProxy section */
		79E1E7702386B54200A4A42E /* PBXContainerItemProxy */ = {
			isa = PBXContainerItemProxy;
			containerPortal = 79E1E74E2386B53D00A4A42E /* Project object */;
			proxyType = 1;
			remoteGlobalIDString = 79E1E7552386B53D00A4A42E;
			remoteInfo = MemoApp;
		};
		79E1E77B2386B54200A4A42E /* PBXContainerItemProxy */ = {
			isa = PBXContainerItemProxy;
			containerPortal = 79E1E74E2386B53D00A4A42E /* Project object */;
			proxyType = 1;
			remoteGlobalIDString = 79E1E7552386B53D00A4A42E;
			remoteInfo = MemoApp;
		};
/* End PBXContainerItemProxy section */

/* Begin PBXFileReference section */
		0F737380E61F476A1B316677 /* Pods_MemoApp.framework */ = {isa = PBXFileReference; explicitFileType = wrapper.framework; includeInIndex = 0; path = Pods_MemoApp.framework; sourceTree = BUILT_PRODUCTS_DIR; };
		13B3A23A2B927FED8F0A586E /* Pods-MemoAppTests.debug.xcconfig */ = {isa = PBXFileReference; includeInIndex = 1; lastKnownFileType = text.xcconfig; name = "Pods-MemoAppTests.debug.xcconfig"; path = "Target Support Files/Pods-MemoAppTests/Pods-MemoAppTests.debug.xcconfig"; sourceTree = "<group>"; };
		1C44651C24190DF800AD2821 /* AddViewController.swift */ = {isa = PBXFileReference; fileEncoding = 4; lastKnownFileType = sourcecode.swift; path = AddViewController.swift; sourceTree = "<group>"; };
		1C44651D24190DF800AD2821 /* AddViewController.storyboard */ = {isa = PBXFileReference; fileEncoding = 4; lastKnownFileType = file.storyboard; path = AddViewController.storyboard; sourceTree = "<group>"; };
		34B808BA8B4F14112105E77C /* Pods_MemoApp_MemoAppUITests.framework */ = {isa = PBXFileReference; explicitFileType = wrapper.framework; includeInIndex = 0; path = Pods_MemoApp_MemoAppUITests.framework; sourceTree = BUILT_PRODUCTS_DIR; };
		46B08827EF053D896DAE48C9 /* Pods-MemoApp-MemoAppUITests.release.xcconfig */ = {isa = PBXFileReference; includeInIndex = 1; lastKnownFileType = text.xcconfig; name = "Pods-MemoApp-MemoAppUITests.release.xcconfig"; path = "Target Support Files/Pods-MemoApp-MemoAppUITests/Pods-MemoApp-MemoAppUITests.release.xcconfig"; sourceTree = "<group>"; };
		68D01D6A2D4591C3A5A902AE /* Pods-MemoApp-MemoAppUITests.debug.xcconfig */ = {isa = PBXFileReference; includeInIndex = 1; lastKnownFileType = text.xcconfig; name = "Pods-MemoApp-MemoAppUITests.debug.xcconfig"; path = "Target Support Files/Pods-MemoApp-MemoAppUITests/Pods-MemoApp-MemoAppUITests.debug.xcconfig"; sourceTree = "<group>"; };
		764922247E3CBF7ED0D4F39E /* Pods-MemoAppTests.release.xcconfig */ = {isa = PBXFileReference; includeInIndex = 1; lastKnownFileType = text.xcconfig; name = "Pods-MemoAppTests.release.xcconfig"; path = "Target Support Files/Pods-MemoAppTests/Pods-MemoAppTests.release.xcconfig"; sourceTree = "<group>"; };
		7917F0F5239286CC0076A020 /* icon (1).png */ = {isa = PBXFileReference; lastKnownFileType = image.png; path = "icon (1).png"; sourceTree = "<group>"; };
		793A7F7C240BE7E200C6C0D2 /* Memo.swift */ = {isa = PBXFileReference; lastKnownFileType = sourcecode.swift; path = Memo.swift; sourceTree = "<group>"; };
		793A7F7E240BE83600C6C0D2 /* UserDefaultsModel.swift */ = {isa = PBXFileReference; lastKnownFileType = sourcecode.swift; path = UserDefaultsModel.swift; sourceTree = "<group>"; };
		793CA8062411E00E0062AD7E /* ViewController.storyboard */ = {isa = PBXFileReference; lastKnownFileType = file.storyboard; path = ViewController.storyboard; sourceTree = "<group>"; };
		794116CF23EFBE2A004ECD22 /* Memo1.png */ = {isa = PBXFileReference; lastKnownFileType = image.png; path = Memo1.png; sourceTree = "<group>"; };
		794116D123EFC2AE004ECD22 /* Memoチュートリアル.008.jpeg */ = {isa = PBXFileReference; lastKnownFileType = image.jpeg; path = "Memoチュートリアル.008.jpeg"; sourceTree = "<group>"; };
		794116D223EFC2AF004ECD22 /* Memoチュートリアル.012.jpeg */ = {isa = PBXFileReference; lastKnownFileType = image.jpeg; path = "Memoチュートリアル.012.jpeg"; sourceTree = "<group>"; };
		794116D323EFC2AF004ECD22 /* Memoチュートリアル.009.jpeg */ = {isa = PBXFileReference; lastKnownFileType = image.jpeg; path = "Memoチュートリアル.009.jpeg"; sourceTree = "<group>"; };
		794116D423EFC2AF004ECD22 /* Memoチュートリアル.003.jpeg */ = {isa = PBXFileReference; lastKnownFileType = image.jpeg; path = "Memoチュートリアル.003.jpeg"; sourceTree = "<group>"; };
		794116D523EFC2AF004ECD22 /* Memoチュートリアル.014.jpeg */ = {isa = PBXFileReference; lastKnownFileType = image.jpeg; path = "Memoチュートリアル.014.jpeg"; sourceTree = "<group>"; };
		794116D623EFC2B0004ECD22 /* Memoチュートリアル.007.jpeg */ = {isa = PBXFileReference; lastKnownFileType = image.jpeg; path = "Memoチュートリアル.007.jpeg"; sourceTree = "<group>"; };
		794116D723EFC2B0004ECD22 /* Memoチュートリアル.011.jpeg */ = {isa = PBXFileReference; lastKnownFileType = image.jpeg; path = "Memoチュートリアル.011.jpeg"; sourceTree = "<group>"; };
		794116D823EFC2B0004ECD22 /* Memoチュートリアル.004.jpeg */ = {isa = PBXFileReference; lastKnownFileType = image.jpeg; path = "Memoチュートリアル.004.jpeg"; sourceTree = "<group>"; };
		794116D923EFC2B1004ECD22 /* Memoチュートリアル.005.jpeg */ = {isa = PBXFileReference; lastKnownFileType = image.jpeg; path = "Memoチュートリアル.005.jpeg"; sourceTree = "<group>"; };
		794116DA23EFC2B1004ECD22 /* Memoチュートリアル.013.jpeg */ = {isa = PBXFileReference; lastKnownFileType = image.jpeg; path = "Memoチュートリアル.013.jpeg"; sourceTree = "<group>"; };
		794116DB23EFC2B1004ECD22 /* Memoチュートリアル.010.jpeg */ = {isa = PBXFileReference; lastKnownFileType = image.jpeg; path = "Memoチュートリアル.010.jpeg"; sourceTree = "<group>"; };
		794116DC23EFC2B2004ECD22 /* Memoチュートリアル.001.jpeg */ = {isa = PBXFileReference; lastKnownFileType = image.jpeg; path = "Memoチュートリアル.001.jpeg"; sourceTree = "<group>"; };
		794116DD23EFC2B2004ECD22 /* Memoチュートリアル.006.jpeg */ = {isa = PBXFileReference; lastKnownFileType = image.jpeg; path = "Memoチュートリアル.006.jpeg"; sourceTree = "<group>"; };
		794116DE23EFC2B2004ECD22 /* Memoチュートリアル.002.jpeg */ = {isa = PBXFileReference; lastKnownFileType = image.jpeg; path = "Memoチュートリアル.002.jpeg"; sourceTree = "<group>"; };
		797FD51C238A7F4300416028 /* tessdata */ = {isa = PBXFileReference; lastKnownFileType = folder; path = tessdata; sourceTree = "<group>"; };
		797FD51E238C05F800416028 /* No-Image.PNG */ = {isa = PBXFileReference; lastKnownFileType = image.png; path = "No-Image.PNG"; sourceTree = "<group>"; };
		79E1E7562386B53D00A4A42E /* MemoApp.app */ = {isa = PBXFileReference; explicitFileType = wrapper.application; includeInIndex = 0; path = MemoApp.app; sourceTree = BUILT_PRODUCTS_DIR; };
		79E1E7592386B53D00A4A42E /* AppDelegate.swift */ = {isa = PBXFileReference; lastKnownFileType = sourcecode.swift; path = AppDelegate.swift; sourceTree = "<group>"; };
		79E1E75E2386B53D00A4A42E /* MemoApp.xcdatamodel */ = {isa = PBXFileReference; lastKnownFileType = wrapper.xcdatamodel; path = MemoApp.xcdatamodel; sourceTree = "<group>"; };
		79E1E7622386B54100A4A42E /* Assets.xcassets */ = {isa = PBXFileReference; lastKnownFileType = folder.assetcatalog; path = Assets.xcassets; sourceTree = "<group>"; };
		79E1E7652386B54100A4A42E /* Preview Assets.xcassets */ = {isa = PBXFileReference; lastKnownFileType = folder.assetcatalog; path = "Preview Assets.xcassets"; sourceTree = "<group>"; };
		79E1E7682386B54100A4A42E /* Base */ = {isa = PBXFileReference; lastKnownFileType = file.storyboard; name = Base; path = Base.lproj/LaunchScreen.storyboard; sourceTree = "<group>"; };
		79E1E76A2386B54100A4A42E /* Info.plist */ = {isa = PBXFileReference; lastKnownFileType = text.plist.xml; path = Info.plist; sourceTree = "<group>"; };
		79E1E76F2386B54200A4A42E /* MemoAppTests.xctest */ = {isa = PBXFileReference; explicitFileType = wrapper.cfbundle; includeInIndex = 0; path = MemoAppTests.xctest; sourceTree = BUILT_PRODUCTS_DIR; };
		79E1E7732386B54200A4A42E /* MemoAppTests.swift */ = {isa = PBXFileReference; lastKnownFileType = sourcecode.swift; path = MemoAppTests.swift; sourceTree = "<group>"; };
		79E1E7752386B54200A4A42E /* Info.plist */ = {isa = PBXFileReference; lastKnownFileType = text.plist.xml; path = Info.plist; sourceTree = "<group>"; };
		79E1E77A2386B54200A4A42E /* MemoAppUITests.xctest */ = {isa = PBXFileReference; explicitFileType = wrapper.cfbundle; includeInIndex = 0; path = MemoAppUITests.xctest; sourceTree = BUILT_PRODUCTS_DIR; };
		79E1E77E2386B54200A4A42E /* MemoAppUITests.swift */ = {isa = PBXFileReference; lastKnownFileType = sourcecode.swift; path = MemoAppUITests.swift; sourceTree = "<group>"; };
		79E1E7802386B54200A4A42E /* Info.plist */ = {isa = PBXFileReference; lastKnownFileType = text.plist.xml; path = Info.plist; sourceTree = "<group>"; };
		79E1E78C2386B57000A4A42E /* Main.storyboard */ = {isa = PBXFileReference; lastKnownFileType = file.storyboard; path = Main.storyboard; sourceTree = "<group>"; };
		79E1E78E2386B6B100A4A42E /* ViewController.swift */ = {isa = PBXFileReference; lastKnownFileType = sourcecode.swift; path = ViewController.swift; sourceTree = "<group>"; };
		79E1E7902386B6BA00A4A42E /* DetailViewController.swift */ = {isa = PBXFileReference; lastKnownFileType = sourcecode.swift; path = DetailViewController.swift; sourceTree = "<group>"; };
		79F54BF4240FCF950050DD66 /* TableViewCell.swift */ = {isa = PBXFileReference; lastKnownFileType = sourcecode.swift; path = TableViewCell.swift; sourceTree = "<group>"; };
		79F54BF5240FCF950050DD66 /* TableViewCell.xib */ = {isa = PBXFileReference; lastKnownFileType = file.xib; path = TableViewCell.xib; sourceTree = "<group>"; };
		79F54BF924111C910050DD66 /* DetailViewController.storyboard */ = {isa = PBXFileReference; lastKnownFileType = file.storyboard; path = DetailViewController.storyboard; sourceTree = "<group>"; };
		BC8E525DEC75089A991FE9E3 /* Pods-MemoApp.release.xcconfig */ = {isa = PBXFileReference; includeInIndex = 1; lastKnownFileType = text.xcconfig; name = "Pods-MemoApp.release.xcconfig"; path = "Target Support Files/Pods-MemoApp/Pods-MemoApp.release.xcconfig"; sourceTree = "<group>"; };
		DCAB4029358D4ACDF9548CA2 /* Pods_MemoAppTests.framework */ = {isa = PBXFileReference; explicitFileType = wrapper.framework; includeInIndex = 0; path = Pods_MemoAppTests.framework; sourceTree = BUILT_PRODUCTS_DIR; };
		DDA0CABC102A0E123870B6A9 /* Pods-MemoApp.debug.xcconfig */ = {isa = PBXFileReference; includeInIndex = 1; lastKnownFileType = text.xcconfig; name = "Pods-MemoApp.debug.xcconfig"; path = "Target Support Files/Pods-MemoApp/Pods-MemoApp.debug.xcconfig"; sourceTree = "<group>"; };
/* End PBXFileReference section */

/* Begin PBXFrameworksBuildPhase section */
		79E1E7532386B53D00A4A42E /* Frameworks */ = {
			isa = PBXFrameworksBuildPhase;
			buildActionMask = 2147483647;
			files = (
				91A9DDB7A11924222DBD8F7B /* Pods_MemoApp.framework in Frameworks */,
			);
			runOnlyForDeploymentPostprocessing = 0;
		};
		79E1E76C2386B54200A4A42E /* Frameworks */ = {
			isa = PBXFrameworksBuildPhase;
			buildActionMask = 2147483647;
			files = (
				7DFA104F2D16806D501F6111 /* Pods_MemoAppTests.framework in Frameworks */,
			);
			runOnlyForDeploymentPostprocessing = 0;
		};
		79E1E7772386B54200A4A42E /* Frameworks */ = {
			isa = PBXFrameworksBuildPhase;
			buildActionMask = 2147483647;
			files = (
				F3C57C7C10E36C56DA957745 /* Pods_MemoApp_MemoAppUITests.framework in Frameworks */,
			);
			runOnlyForDeploymentPostprocessing = 0;
		};
/* End PBXFrameworksBuildPhase section */

/* Begin PBXGroup section */
		1C44651B24190DF800AD2821 /* AddViewController */ = {
			isa = PBXGroup;
			children = (
				1C44651C24190DF800AD2821 /* AddViewController.swift */,
				1C44651D24190DF800AD2821 /* AddViewController.storyboard */,
			);
			path = AddViewController;
			sourceTree = "<group>";
		};
		68673AA30127EA66AC2D9EA8 /* Pods */ = {
			isa = PBXGroup;
			children = (
				DDA0CABC102A0E123870B6A9 /* Pods-MemoApp.debug.xcconfig */,
				BC8E525DEC75089A991FE9E3 /* Pods-MemoApp.release.xcconfig */,
				68D01D6A2D4591C3A5A902AE /* Pods-MemoApp-MemoAppUITests.debug.xcconfig */,
				46B08827EF053D896DAE48C9 /* Pods-MemoApp-MemoAppUITests.release.xcconfig */,
				13B3A23A2B927FED8F0A586E /* Pods-MemoAppTests.debug.xcconfig */,
				764922247E3CBF7ED0D4F39E /* Pods-MemoAppTests.release.xcconfig */,
			);
			path = Pods;
			sourceTree = "<group>";
		};
		793A7F80240BE86000C6C0D2 /* Model */ = {
			isa = PBXGroup;
			children = (
				793A7F7C240BE7E200C6C0D2 /* Memo.swift */,
				793A7F7E240BE83600C6C0D2 /* UserDefaultsModel.swift */,
			);
			path = Model;
			sourceTree = "<group>";
		};
		793A7FC4240BEA4300C6C0D2 /* ViewController */ = {
			isa = PBXGroup;
			children = (
				1C44651B24190DF800AD2821 /* AddViewController */,
				793CA8052411DFFC0062AD7E /* ViewController */,
				79F54BF824111C6E0050DD66 /* DetailViewController */,
				79F54BF3240FCF7F0050DD66 /* Cell */,
			);
			path = ViewController;
			sourceTree = "<group>";
		};
		793CA8052411DFFC0062AD7E /* ViewController */ = {
			isa = PBXGroup;
			children = (
				79E1E78E2386B6B100A4A42E /* ViewController.swift */,
				793CA8062411E00E0062AD7E /* ViewController.storyboard */,
			);
			path = ViewController;
			sourceTree = "<group>";
		};
		79E1E74D2386B53D00A4A42E = {
			isa = PBXGroup;
			children = (
				79E1E7582386B53D00A4A42E /* MemoApp */,
				79E1E7722386B54200A4A42E /* MemoAppTests */,
				79E1E77D2386B54200A4A42E /* MemoAppUITests */,
				79E1E7572386B53D00A4A42E /* Products */,
				68673AA30127EA66AC2D9EA8 /* Pods */,
				CA59BCCBC94F6A5B25C0418B /* Frameworks */,
			);
			sourceTree = "<group>";
		};
		79E1E7572386B53D00A4A42E /* Products */ = {
			isa = PBXGroup;
			children = (
				79E1E7562386B53D00A4A42E /* MemoApp.app */,
				79E1E76F2386B54200A4A42E /* MemoAppTests.xctest */,
				79E1E77A2386B54200A4A42E /* MemoAppUITests.xctest */,
			);
			name = Products;
			sourceTree = "<group>";
		};
		79E1E7582386B53D00A4A42E /* MemoApp */ = {
			isa = PBXGroup;
			children = (
				797FD51C238A7F4300416028 /* tessdata */,
				794116CF23EFBE2A004ECD22 /* Memo1.png */,
				794116DC23EFC2B2004ECD22 /* Memoチュートリアル.001.jpeg */,
				794116DE23EFC2B2004ECD22 /* Memoチュートリアル.002.jpeg */,
				794116D423EFC2AF004ECD22 /* Memoチュートリアル.003.jpeg */,
				794116D823EFC2B0004ECD22 /* Memoチュートリアル.004.jpeg */,
				794116D923EFC2B1004ECD22 /* Memoチュートリアル.005.jpeg */,
				794116DD23EFC2B2004ECD22 /* Memoチュートリアル.006.jpeg */,
				794116D623EFC2B0004ECD22 /* Memoチュートリアル.007.jpeg */,
				794116D123EFC2AE004ECD22 /* Memoチュートリアル.008.jpeg */,
				794116D323EFC2AF004ECD22 /* Memoチュートリアル.009.jpeg */,
				794116DB23EFC2B1004ECD22 /* Memoチュートリアル.010.jpeg */,
				794116D723EFC2B0004ECD22 /* Memoチュートリアル.011.jpeg */,
				794116D223EFC2AF004ECD22 /* Memoチュートリアル.012.jpeg */,
				794116DA23EFC2B1004ECD22 /* Memoチュートリアル.013.jpeg */,
				794116D523EFC2AF004ECD22 /* Memoチュートリアル.014.jpeg */,
				797FD51E238C05F800416028 /* No-Image.PNG */,
				7917F0F5239286CC0076A020 /* icon (1).png */,
				79E1E7592386B53D00A4A42E /* AppDelegate.swift */,
				793A7F80240BE86000C6C0D2 /* Model */,
				793A7FC4240BEA4300C6C0D2 /* ViewController */,
				79E1E78C2386B57000A4A42E /* Main.storyboard */,
				79E1E7672386B54100A4A42E /* LaunchScreen.storyboard */,
				79E1E7622386B54100A4A42E /* Assets.xcassets */,
				79E1E76A2386B54100A4A42E /* Info.plist */,
				79E1E75D2386B53D00A4A42E /* MemoApp.xcdatamodeld */,
				79E1E7642386B54100A4A42E /* Preview Content */,
			);
			path = MemoApp;
			sourceTree = "<group>";
		};
		79E1E7642386B54100A4A42E /* Preview Content */ = {
			isa = PBXGroup;
			children = (
				79E1E7652386B54100A4A42E /* Preview Assets.xcassets */,
			);
			path = "Preview Content";
			sourceTree = "<group>";
		};
		79E1E7722386B54200A4A42E /* MemoAppTests */ = {
			isa = PBXGroup;
			children = (
				79E1E7732386B54200A4A42E /* MemoAppTests.swift */,
				79E1E7752386B54200A4A42E /* Info.plist */,
			);
			path = MemoAppTests;
			sourceTree = "<group>";
		};
		79E1E77D2386B54200A4A42E /* MemoAppUITests */ = {
			isa = PBXGroup;
			children = (
				79E1E77E2386B54200A4A42E /* MemoAppUITests.swift */,
				79E1E7802386B54200A4A42E /* Info.plist */,
			);
			path = MemoAppUITests;
			sourceTree = "<group>";
		};
		79F54BF3240FCF7F0050DD66 /* Cell */ = {
			isa = PBXGroup;
			children = (
				79F54BF4240FCF950050DD66 /* TableViewCell.swift */,
				79F54BF5240FCF950050DD66 /* TableViewCell.xib */,
			);
			path = Cell;
			sourceTree = "<group>";
		};
		79F54BF824111C6E0050DD66 /* DetailViewController */ = {
			isa = PBXGroup;
			children = (
				79E1E7902386B6BA00A4A42E /* DetailViewController.swift */,
				79F54BF924111C910050DD66 /* DetailViewController.storyboard */,
			);
			path = DetailViewController;
			sourceTree = "<group>";
		};
		CA59BCCBC94F6A5B25C0418B /* Frameworks */ = {
			isa = PBXGroup;
			children = (
				0F737380E61F476A1B316677 /* Pods_MemoApp.framework */,
				34B808BA8B4F14112105E77C /* Pods_MemoApp_MemoAppUITests.framework */,
				DCAB4029358D4ACDF9548CA2 /* Pods_MemoAppTests.framework */,
			);
			name = Frameworks;
			sourceTree = "<group>";
		};
/* End PBXGroup section */

/* Begin PBXNativeTarget section */
		79E1E7552386B53D00A4A42E /* MemoApp */ = {
			isa = PBXNativeTarget;
			buildConfigurationList = 79E1E7832386B54200A4A42E /* Build configuration list for PBXNativeTarget "MemoApp" */;
			buildPhases = (
				FA261012DD8FF845CA9445E8 /* [CP] Check Pods Manifest.lock */,
				79E1E7522386B53D00A4A42E /* Sources */,
				79E1E7532386B53D00A4A42E /* Frameworks */,
				79E1E7542386B53D00A4A42E /* Resources */,
				7D2344AC806EA7F0A97DEF91 /* [CP] Embed Pods Frameworks */,
			);
			buildRules = (
			);
			dependencies = (
			);
			name = MemoApp;
			productName = MemoApp;
			productReference = 79E1E7562386B53D00A4A42E /* MemoApp.app */;
			productType = "com.apple.product-type.application";
		};
		79E1E76E2386B54200A4A42E /* MemoAppTests */ = {
			isa = PBXNativeTarget;
			buildConfigurationList = 79E1E7862386B54200A4A42E /* Build configuration list for PBXNativeTarget "MemoAppTests" */;
			buildPhases = (
				51F72B1E53B8A2F74D37A89A /* [CP] Check Pods Manifest.lock */,
				79E1E76B2386B54200A4A42E /* Sources */,
				79E1E76C2386B54200A4A42E /* Frameworks */,
				79E1E76D2386B54200A4A42E /* Resources */,
			);
			buildRules = (
			);
			dependencies = (
				79E1E7712386B54200A4A42E /* PBXTargetDependency */,
			);
			name = MemoAppTests;
			productName = MemoAppTests;
			productReference = 79E1E76F2386B54200A4A42E /* MemoAppTests.xctest */;
			productType = "com.apple.product-type.bundle.unit-test";
		};
		79E1E7792386B54200A4A42E /* MemoAppUITests */ = {
			isa = PBXNativeTarget;
			buildConfigurationList = 79E1E7892386B54200A4A42E /* Build configuration list for PBXNativeTarget "MemoAppUITests" */;
			buildPhases = (
				EBA59EA04D35A56CEB89C947 /* [CP] Check Pods Manifest.lock */,
				79E1E7762386B54200A4A42E /* Sources */,
				79E1E7772386B54200A4A42E /* Frameworks */,
				79E1E7782386B54200A4A42E /* Resources */,
				D016B2D0B58C539DD7C3499D /* [CP] Embed Pods Frameworks */,
			);
			buildRules = (
			);
			dependencies = (
				79E1E77C2386B54200A4A42E /* PBXTargetDependency */,
			);
			name = MemoAppUITests;
			productName = MemoAppUITests;
			productReference = 79E1E77A2386B54200A4A42E /* MemoAppUITests.xctest */;
			productType = "com.apple.product-type.bundle.ui-testing";
		};
/* End PBXNativeTarget section */

/* Begin PBXProject section */
		79E1E74E2386B53D00A4A42E /* Project object */ = {
			isa = PBXProject;
			attributes = {
				LastSwiftUpdateCheck = 1110;
				LastUpgradeCheck = 1110;
				ORGANIZATIONNAME = com.litech;
				TargetAttributes = {
					79E1E7552386B53D00A4A42E = {
						CreatedOnToolsVersion = 11.1;
					};
					79E1E76E2386B54200A4A42E = {
						CreatedOnToolsVersion = 11.1;
						TestTargetID = 79E1E7552386B53D00A4A42E;
					};
					79E1E7792386B54200A4A42E = {
						CreatedOnToolsVersion = 11.1;
						TestTargetID = 79E1E7552386B53D00A4A42E;
					};
				};
			};
			buildConfigurationList = 79E1E7512386B53D00A4A42E /* Build configuration list for PBXProject "MemoApp" */;
			compatibilityVersion = "Xcode 9.3";
			developmentRegion = en;
			hasScannedForEncodings = 0;
			knownRegions = (
				en,
				Base,
			);
			mainGroup = 79E1E74D2386B53D00A4A42E;
			productRefGroup = 79E1E7572386B53D00A4A42E /* Products */;
			projectDirPath = "";
			projectRoot = "";
			targets = (
				79E1E7552386B53D00A4A42E /* MemoApp */,
				79E1E76E2386B54200A4A42E /* MemoAppTests */,
				79E1E7792386B54200A4A42E /* MemoAppUITests */,
			);
		};
/* End PBXProject section */

/* Begin PBXResourcesBuildPhase section */
		79E1E7542386B53D00A4A42E /* Resources */ = {
			isa = PBXResourcesBuildPhase;
			buildActionMask = 2147483647;
			files = (
				794116E923EFC2B3004ECD22 /* Memoチュートリアル.010.jpeg in Resources */,
				794116E023EFC2B3004ECD22 /* Memoチュートリアル.012.jpeg in Resources */,
				794116EA23EFC2B3004ECD22 /* Memoチュートリアル.001.jpeg in Resources */,
				794116EB23EFC2B3004ECD22 /* Memoチュートリアル.006.jpeg in Resources */,
				794116E823EFC2B3004ECD22 /* Memoチュートリアル.013.jpeg in Resources */,
				79E1E7692386B54100A4A42E /* LaunchScreen.storyboard in Resources */,
				794116E223EFC2B3004ECD22 /* Memoチュートリアル.003.jpeg in Resources */,
				794116E623EFC2B3004ECD22 /* Memoチュートリアル.004.jpeg in Resources */,
				794116DF23EFC2B3004ECD22 /* Memoチュートリアル.008.jpeg in Resources */,
				794116E123EFC2B3004ECD22 /* Memoチュートリアル.009.jpeg in Resources */,
				794116E723EFC2B3004ECD22 /* Memoチュートリアル.005.jpeg in Resources */,
				794116E323EFC2B3004ECD22 /* Memoチュートリアル.014.jpeg in Resources */,
				7917F0F6239286CC0076A020 /* icon (1).png in Resources */,
				794116D023EFBE2A004ECD22 /* Memo1.png in Resources */,
				794116EC23EFC2B3004ECD22 /* Memoチュートリアル.002.jpeg in Resources */,
				797FD51D238A7F4300416028 /* tessdata in Resources */,
				793CA8072411E00E0062AD7E /* ViewController.storyboard in Resources */,
				79F54BFA24111C910050DD66 /* DetailViewController.storyboard in Resources */,
				797FD51F238C05F800416028 /* No-Image.PNG in Resources */,
				1C44651F24190DF900AD2821 /* AddViewController.storyboard in Resources */,
				79E1E7662386B54100A4A42E /* Preview Assets.xcassets in Resources */,
				79F54BF7240FCF950050DD66 /* TableViewCell.xib in Resources */,
				794116E423EFC2B3004ECD22 /* Memoチュートリアル.007.jpeg in Resources */,
				79E1E7632386B54100A4A42E /* Assets.xcassets in Resources */,
				794116E523EFC2B3004ECD22 /* Memoチュートリアル.011.jpeg in Resources */,
				79E1E78D2386B57000A4A42E /* Main.storyboard in Resources */,
			);
			runOnlyForDeploymentPostprocessing = 0;
		};
		79E1E76D2386B54200A4A42E /* Resources */ = {
			isa = PBXResourcesBuildPhase;
			buildActionMask = 2147483647;
			files = (
			);
			runOnlyForDeploymentPostprocessing = 0;
		};
		79E1E7782386B54200A4A42E /* Resources */ = {
			isa = PBXResourcesBuildPhase;
			buildActionMask = 2147483647;
			files = (
			);
			runOnlyForDeploymentPostprocessing = 0;
		};
/* End PBXResourcesBuildPhase section */

/* Begin PBXShellScriptBuildPhase section */
		51F72B1E53B8A2F74D37A89A /* [CP] Check Pods Manifest.lock */ = {
			isa = PBXShellScriptBuildPhase;
			buildActionMask = 2147483647;
			files = (
			);
			inputFileListPaths = (
			);
			inputPaths = (
				"${PODS_PODFILE_DIR_PATH}/Podfile.lock",
				"${PODS_ROOT}/Manifest.lock",
			);
			name = "[CP] Check Pods Manifest.lock";
			outputFileListPaths = (
			);
			outputPaths = (
				"$(DERIVED_FILE_DIR)/Pods-MemoAppTests-checkManifestLockResult.txt",
			);
			runOnlyForDeploymentPostprocessing = 0;
			shellPath = /bin/sh;
			shellScript = "diff \"${PODS_PODFILE_DIR_PATH}/Podfile.lock\" \"${PODS_ROOT}/Manifest.lock\" > /dev/null\nif [ $? != 0 ] ; then\n    # print error to STDERR\n    echo \"error: The sandbox is not in sync with the Podfile.lock. Run 'pod install' or update your CocoaPods installation.\" >&2\n    exit 1\nfi\n# This output is used by Xcode 'outputs' to avoid re-running this script phase.\necho \"SUCCESS\" > \"${SCRIPT_OUTPUT_FILE_0}\"\n";
			showEnvVarsInLog = 0;
		};
		7D2344AC806EA7F0A97DEF91 /* [CP] Embed Pods Frameworks */ = {
			isa = PBXShellScriptBuildPhase;
			buildActionMask = 2147483647;
			files = (
			);
			inputFileListPaths = (
				"${PODS_ROOT}/Target Support Files/Pods-MemoApp/Pods-MemoApp-frameworks-${CONFIGURATION}-input-files.xcfilelist",
			);
			name = "[CP] Embed Pods Frameworks";
			outputFileListPaths = (
				"${PODS_ROOT}/Target Support Files/Pods-MemoApp/Pods-MemoApp-frameworks-${CONFIGURATION}-output-files.xcfilelist",
			);
			runOnlyForDeploymentPostprocessing = 0;
			shellPath = /bin/sh;
			shellScript = "\"${PODS_ROOT}/Target Support Files/Pods-MemoApp/Pods-MemoApp-frameworks.sh\"\n";
			showEnvVarsInLog = 0;
		};
		D016B2D0B58C539DD7C3499D /* [CP] Embed Pods Frameworks */ = {
			isa = PBXShellScriptBuildPhase;
			buildActionMask = 2147483647;
			files = (
			);
			inputFileListPaths = (
				"${PODS_ROOT}/Target Support Files/Pods-MemoApp-MemoAppUITests/Pods-MemoApp-MemoAppUITests-frameworks-${CONFIGURATION}-input-files.xcfilelist",
			);
			name = "[CP] Embed Pods Frameworks";
			outputFileListPaths = (
				"${PODS_ROOT}/Target Support Files/Pods-MemoApp-MemoAppUITests/Pods-MemoApp-MemoAppUITests-frameworks-${CONFIGURATION}-output-files.xcfilelist",
			);
			runOnlyForDeploymentPostprocessing = 0;
			shellPath = /bin/sh;
			shellScript = "\"${PODS_ROOT}/Target Support Files/Pods-MemoApp-MemoAppUITests/Pods-MemoApp-MemoAppUITests-frameworks.sh\"\n";
			showEnvVarsInLog = 0;
		};
		EBA59EA04D35A56CEB89C947 /* [CP] Check Pods Manifest.lock */ = {
			isa = PBXShellScriptBuildPhase;
			buildActionMask = 2147483647;
			files = (
			);
			inputFileListPaths = (
			);
			inputPaths = (
				"${PODS_PODFILE_DIR_PATH}/Podfile.lock",
				"${PODS_ROOT}/Manifest.lock",
			);
			name = "[CP] Check Pods Manifest.lock";
			outputFileListPaths = (
			);
			outputPaths = (
				"$(DERIVED_FILE_DIR)/Pods-MemoApp-MemoAppUITests-checkManifestLockResult.txt",
			);
			runOnlyForDeploymentPostprocessing = 0;
			shellPath = /bin/sh;
			shellScript = "diff \"${PODS_PODFILE_DIR_PATH}/Podfile.lock\" \"${PODS_ROOT}/Manifest.lock\" > /dev/null\nif [ $? != 0 ] ; then\n    # print error to STDERR\n    echo \"error: The sandbox is not in sync with the Podfile.lock. Run 'pod install' or update your CocoaPods installation.\" >&2\n    exit 1\nfi\n# This output is used by Xcode 'outputs' to avoid re-running this script phase.\necho \"SUCCESS\" > \"${SCRIPT_OUTPUT_FILE_0}\"\n";
			showEnvVarsInLog = 0;
		};
		FA261012DD8FF845CA9445E8 /* [CP] Check Pods Manifest.lock */ = {
			isa = PBXShellScriptBuildPhase;
			buildActionMask = 2147483647;
			files = (
			);
			inputFileListPaths = (
			);
			inputPaths = (
				"${PODS_PODFILE_DIR_PATH}/Podfile.lock",
				"${PODS_ROOT}/Manifest.lock",
			);
			name = "[CP] Check Pods Manifest.lock";
			outputFileListPaths = (
			);
			outputPaths = (
				"$(DERIVED_FILE_DIR)/Pods-MemoApp-checkManifestLockResult.txt",
			);
			runOnlyForDeploymentPostprocessing = 0;
			shellPath = /bin/sh;
			shellScript = "diff \"${PODS_PODFILE_DIR_PATH}/Podfile.lock\" \"${PODS_ROOT}/Manifest.lock\" > /dev/null\nif [ $? != 0 ] ; then\n    # print error to STDERR\n    echo \"error: The sandbox is not in sync with the Podfile.lock. Run 'pod install' or update your CocoaPods installation.\" >&2\n    exit 1\nfi\n# This output is used by Xcode 'outputs' to avoid re-running this script phase.\necho \"SUCCESS\" > \"${SCRIPT_OUTPUT_FILE_0}\"\n";
			showEnvVarsInLog = 0;
		};
/* End PBXShellScriptBuildPhase section */

/* Begin PBXSourcesBuildPhase section */
		79E1E7522386B53D00A4A42E /* Sources */ = {
			isa = PBXSourcesBuildPhase;
			buildActionMask = 2147483647;
			files = (
				79F54BF6240FCF950050DD66 /* TableViewCell.swift in Sources */,
				793A7F7F240BE83600C6C0D2 /* UserDefaultsModel.swift in Sources */,
				1C44651E24190DF900AD2821 /* AddViewController.swift in Sources */,
				79E1E78F2386B6B100A4A42E /* ViewController.swift in Sources */,
				79E1E75A2386B53D00A4A42E /* AppDelegate.swift in Sources */,
				79E1E75F2386B53D00A4A42E /* MemoApp.xcdatamodeld in Sources */,
				79E1E7912386B6BA00A4A42E /* DetailViewController.swift in Sources */,
				793A7F7D240BE7E200C6C0D2 /* Memo.swift in Sources */,
			);
			runOnlyForDeploymentPostprocessing = 0;
		};
		79E1E76B2386B54200A4A42E /* Sources */ = {
			isa = PBXSourcesBuildPhase;
			buildActionMask = 2147483647;
			files = (
				79E1E7742386B54200A4A42E /* MemoAppTests.swift in Sources */,
			);
			runOnlyForDeploymentPostprocessing = 0;
		};
		79E1E7762386B54200A4A42E /* Sources */ = {
			isa = PBXSourcesBuildPhase;
			buildActionMask = 2147483647;
			files = (
				79E1E77F2386B54200A4A42E /* MemoAppUITests.swift in Sources */,
			);
			runOnlyForDeploymentPostprocessing = 0;
		};
/* End PBXSourcesBuildPhase section */

/* Begin PBXTargetDependency section */
		79E1E7712386B54200A4A42E /* PBXTargetDependency */ = {
			isa = PBXTargetDependency;
			target = 79E1E7552386B53D00A4A42E /* MemoApp */;
			targetProxy = 79E1E7702386B54200A4A42E /* PBXContainerItemProxy */;
		};
		79E1E77C2386B54200A4A42E /* PBXTargetDependency */ = {
			isa = PBXTargetDependency;
			target = 79E1E7552386B53D00A4A42E /* MemoApp */;
			targetProxy = 79E1E77B2386B54200A4A42E /* PBXContainerItemProxy */;
		};
/* End PBXTargetDependency section */

/* Begin PBXVariantGroup section */
		79E1E7672386B54100A4A42E /* LaunchScreen.storyboard */ = {
			isa = PBXVariantGroup;
			children = (
				79E1E7682386B54100A4A42E /* Base */,
			);
			name = LaunchScreen.storyboard;
			sourceTree = "<group>";
		};
/* End PBXVariantGroup section */

/* Begin XCBuildConfiguration section */
		79E1E7812386B54200A4A42E /* Debug */ = {
			isa = XCBuildConfiguration;
			buildSettings = {
				ALWAYS_SEARCH_USER_PATHS = NO;
				CLANG_ANALYZER_NONNULL = YES;
				CLANG_ANALYZER_NUMBER_OBJECT_CONVERSION = YES_AGGRESSIVE;
				CLANG_CXX_LANGUAGE_STANDARD = "gnu++14";
				CLANG_CXX_LIBRARY = "libc++";
				CLANG_ENABLE_MODULES = YES;
				CLANG_ENABLE_OBJC_ARC = YES;
				CLANG_ENABLE_OBJC_WEAK = YES;
				CLANG_WARN_BLOCK_CAPTURE_AUTORELEASING = YES;
				CLANG_WARN_BOOL_CONVERSION = YES;
				CLANG_WARN_COMMA = YES;
				CLANG_WARN_CONSTANT_CONVERSION = YES;
				CLANG_WARN_DEPRECATED_OBJC_IMPLEMENTATIONS = YES;
				CLANG_WARN_DIRECT_OBJC_ISA_USAGE = YES_ERROR;
				CLANG_WARN_DOCUMENTATION_COMMENTS = YES;
				CLANG_WARN_EMPTY_BODY = YES;
				CLANG_WARN_ENUM_CONVERSION = YES;
				CLANG_WARN_INFINITE_RECURSION = YES;
				CLANG_WARN_INT_CONVERSION = YES;
				CLANG_WARN_NON_LITERAL_NULL_CONVERSION = YES;
				CLANG_WARN_OBJC_IMPLICIT_RETAIN_SELF = YES;
				CLANG_WARN_OBJC_LITERAL_CONVERSION = YES;
				CLANG_WARN_OBJC_ROOT_CLASS = YES_ERROR;
				CLANG_WARN_RANGE_LOOP_ANALYSIS = YES;
				CLANG_WARN_STRICT_PROTOTYPES = YES;
				CLANG_WARN_SUSPICIOUS_MOVE = YES;
				CLANG_WARN_UNGUARDED_AVAILABILITY = YES_AGGRESSIVE;
				CLANG_WARN_UNREACHABLE_CODE = YES;
				CLANG_WARN__DUPLICATE_METHOD_MATCH = YES;
				COPY_PHASE_STRIP = NO;
				DEBUG_INFORMATION_FORMAT = dwarf;
				ENABLE_STRICT_OBJC_MSGSEND = YES;
				ENABLE_TESTABILITY = YES;
				GCC_C_LANGUAGE_STANDARD = gnu11;
				GCC_DYNAMIC_NO_PIC = NO;
				GCC_NO_COMMON_BLOCKS = YES;
				GCC_OPTIMIZATION_LEVEL = 0;
				GCC_PREPROCESSOR_DEFINITIONS = (
					"DEBUG=1",
					"$(inherited)",
				);
				GCC_WARN_64_TO_32_BIT_CONVERSION = YES;
				GCC_WARN_ABOUT_RETURN_TYPE = YES_ERROR;
				GCC_WARN_UNDECLARED_SELECTOR = YES;
				GCC_WARN_UNINITIALIZED_AUTOS = YES_AGGRESSIVE;
				GCC_WARN_UNUSED_FUNCTION = YES;
				GCC_WARN_UNUSED_VARIABLE = YES;
				IPHONEOS_DEPLOYMENT_TARGET = 13.2;
				MTL_ENABLE_DEBUG_INFO = INCLUDE_SOURCE;
				MTL_FAST_MATH = YES;
				ONLY_ACTIVE_ARCH = YES;
				SDKROOT = iphoneos;
				SWIFT_ACTIVE_COMPILATION_CONDITIONS = DEBUG;
				SWIFT_OPTIMIZATION_LEVEL = "-Onone";
			};
			name = Debug;
		};
		79E1E7822386B54200A4A42E /* Release */ = {
			isa = XCBuildConfiguration;
			buildSettings = {
				ALWAYS_SEARCH_USER_PATHS = NO;
				CLANG_ANALYZER_NONNULL = YES;
				CLANG_ANALYZER_NUMBER_OBJECT_CONVERSION = YES_AGGRESSIVE;
				CLANG_CXX_LANGUAGE_STANDARD = "gnu++14";
				CLANG_CXX_LIBRARY = "libc++";
				CLANG_ENABLE_MODULES = YES;
				CLANG_ENABLE_OBJC_ARC = YES;
				CLANG_ENABLE_OBJC_WEAK = YES;
				CLANG_WARN_BLOCK_CAPTURE_AUTORELEASING = YES;
				CLANG_WARN_BOOL_CONVERSION = YES;
				CLANG_WARN_COMMA = YES;
				CLANG_WARN_CONSTANT_CONVERSION = YES;
				CLANG_WARN_DEPRECATED_OBJC_IMPLEMENTATIONS = YES;
				CLANG_WARN_DIRECT_OBJC_ISA_USAGE = YES_ERROR;
				CLANG_WARN_DOCUMENTATION_COMMENTS = YES;
				CLANG_WARN_EMPTY_BODY = YES;
				CLANG_WARN_ENUM_CONVERSION = YES;
				CLANG_WARN_INFINITE_RECURSION = YES;
				CLANG_WARN_INT_CONVERSION = YES;
				CLANG_WARN_NON_LITERAL_NULL_CONVERSION = YES;
				CLANG_WARN_OBJC_IMPLICIT_RETAIN_SELF = YES;
				CLANG_WARN_OBJC_LITERAL_CONVERSION = YES;
				CLANG_WARN_OBJC_ROOT_CLASS = YES_ERROR;
				CLANG_WARN_RANGE_LOOP_ANALYSIS = YES;
				CLANG_WARN_STRICT_PROTOTYPES = YES;
				CLANG_WARN_SUSPICIOUS_MOVE = YES;
				CLANG_WARN_UNGUARDED_AVAILABILITY = YES_AGGRESSIVE;
				CLANG_WARN_UNREACHABLE_CODE = YES;
				CLANG_WARN__DUPLICATE_METHOD_MATCH = YES;
				COPY_PHASE_STRIP = NO;
				DEBUG_INFORMATION_FORMAT = "dwarf-with-dsym";
				ENABLE_NS_ASSERTIONS = NO;
				ENABLE_STRICT_OBJC_MSGSEND = YES;
				GCC_C_LANGUAGE_STANDARD = gnu11;
				GCC_NO_COMMON_BLOCKS = YES;
				GCC_OPTIMIZATION_LEVEL = 0;
				GCC_WARN_64_TO_32_BIT_CONVERSION = YES;
				GCC_WARN_ABOUT_RETURN_TYPE = YES_ERROR;
				GCC_WARN_UNDECLARED_SELECTOR = YES;
				GCC_WARN_UNINITIALIZED_AUTOS = YES_AGGRESSIVE;
				GCC_WARN_UNUSED_FUNCTION = YES;
				GCC_WARN_UNUSED_VARIABLE = YES;
				IPHONEOS_DEPLOYMENT_TARGET = 13.2;
				MTL_ENABLE_DEBUG_INFO = NO;
				MTL_FAST_MATH = YES;
				SDKROOT = iphoneos;
				SWIFT_COMPILATION_MODE = wholemodule;
				SWIFT_OPTIMIZATION_LEVEL = "-Onone";
				VALIDATE_PRODUCT = YES;
			};
			name = Release;
		};
		79E1E7842386B54200A4A42E /* Debug */ = {
			isa = XCBuildConfiguration;
			baseConfigurationReference = DDA0CABC102A0E123870B6A9 /* Pods-MemoApp.debug.xcconfig */;
			buildSettings = {
				ASSETCATALOG_COMPILER_APPICON_NAME = AppIcon;
				CODE_SIGN_STYLE = Automatic;
				DEVELOPMENT_ASSET_PATHS = "\"MemoApp/Preview Content\"";
				DEVELOPMENT_TEAM = QG32J57MBX;
				ENABLE_PREVIEWS = YES;
				GCC_OPTIMIZATION_LEVEL = 0;
				INFOPLIST_FILE = MemoApp/Info.plist;
				LD_RUNPATH_SEARCH_PATHS = (
					"$(inherited)",
					"@executable_path/Frameworks",
				);
				PRODUCT_BUNDLE_IDENTIFIER = com.litech.MemoApp;
				PRODUCT_NAME = "$(TARGET_NAME)";
				SWIFT_OPTIMIZATION_LEVEL = "-O";
				SWIFT_VERSION = 5.0;
				TARGETED_DEVICE_FAMILY = "1,2";
			};
			name = Debug;
		};
		79E1E7852386B54200A4A42E /* Release */ = {
			isa = XCBuildConfiguration;
			baseConfigurationReference = BC8E525DEC75089A991FE9E3 /* Pods-MemoApp.release.xcconfig */;
			buildSettings = {
				ASSETCATALOG_COMPILER_APPICON_NAME = AppIcon;
				CODE_SIGN_STYLE = Automatic;
				DEVELOPMENT_ASSET_PATHS = "\"MemoApp/Preview Content\"";
				DEVELOPMENT_TEAM = QG32J57MBX;
				ENABLE_PREVIEWS = YES;
				GCC_OPTIMIZATION_LEVEL = fast;
				INFOPLIST_FILE = MemoApp/Info.plist;
				LD_RUNPATH_SEARCH_PATHS = (
					"$(inherited)",
					"@executable_path/Frameworks",
				);
				PRODUCT_BUNDLE_IDENTIFIER = com.litech.MemoApp;
				PRODUCT_NAME = "$(TARGET_NAME)";
				SWIFT_VERSION = 5.0;
				TARGETED_DEVICE_FAMILY = "1,2";
			};
			name = Release;
		};
		79E1E7872386B54200A4A42E /* Debug */ = {
			isa = XCBuildConfiguration;
			baseConfigurationReference = 13B3A23A2B927FED8F0A586E /* Pods-MemoAppTests.debug.xcconfig */;
			buildSettings = {
				ALWAYS_EMBED_SWIFT_STANDARD_LIBRARIES = YES;
				BUNDLE_LOADER = "$(TEST_HOST)";
				CODE_SIGN_STYLE = Automatic;
				INFOPLIST_FILE = MemoAppTests/Info.plist;
				IPHONEOS_DEPLOYMENT_TARGET = 13.1;
				LD_RUNPATH_SEARCH_PATHS = (
					"$(inherited)",
					"@executable_path/Frameworks",
					"@loader_path/Frameworks",
				);
				PRODUCT_BUNDLE_IDENTIFIER = com.litech.MemoAppTests;
				PRODUCT_NAME = "$(TARGET_NAME)";
				SWIFT_VERSION = 5.0;
				TARGETED_DEVICE_FAMILY = "1,2";
				TEST_HOST = "$(BUILT_PRODUCTS_DIR)/MemoApp.app/MemoApp";
			};
			name = Debug;
		};
		79E1E7882386B54200A4A42E /* Release */ = {
			isa = XCBuildConfiguration;
			baseConfigurationReference = 764922247E3CBF7ED0D4F39E /* Pods-MemoAppTests.release.xcconfig */;
			buildSettings = {
				ALWAYS_EMBED_SWIFT_STANDARD_LIBRARIES = YES;
				BUNDLE_LOADER = "$(TEST_HOST)";
				CODE_SIGN_STYLE = Automatic;
				INFOPLIST_FILE = MemoAppTests/Info.plist;
				IPHONEOS_DEPLOYMENT_TARGET = 13.1;
				LD_RUNPATH_SEARCH_PATHS = (
					"$(inherited)",
					"@executable_path/Frameworks",
					"@loader_path/Frameworks",
				);
				PRODUCT_BUNDLE_IDENTIFIER = com.litech.MemoAppTests;
				PRODUCT_NAME = "$(TARGET_NAME)";
				SWIFT_VERSION = 5.0;
				TARGETED_DEVICE_FAMILY = "1,2";
				TEST_HOST = "$(BUILT_PRODUCTS_DIR)/MemoApp.app/MemoApp";
			};
			name = Release;
		};
		79E1E78A2386B54200A4A42E /* Debug */ = {
			isa = XCBuildConfiguration;
			baseConfigurationReference = 68D01D6A2D4591C3A5A902AE /* Pods-MemoApp-MemoAppUITests.debug.xcconfig */;
			buildSettings = {
				ALWAYS_EMBED_SWIFT_STANDARD_LIBRARIES = YES;
				CODE_SIGN_STYLE = Automatic;
				INFOPLIST_FILE = MemoAppUITests/Info.plist;
				LD_RUNPATH_SEARCH_PATHS = (
					"$(inherited)",
					"@executable_path/Frameworks",
					"@loader_path/Frameworks",
				);
				PRODUCT_BUNDLE_IDENTIFIER = com.litech.MemoAppUITests;
				PRODUCT_NAME = "$(TARGET_NAME)";
				SWIFT_VERSION = 5.0;
				TARGETED_DEVICE_FAMILY = "1,2";
				TEST_TARGET_NAME = MemoApp;
			};
			name = Debug;
		};
		79E1E78B2386B54200A4A42E /* Release */ = {
			isa = XCBuildConfiguration;
			baseConfigurationReference = 46B08827EF053D896DAE48C9 /* Pods-MemoApp-MemoAppUITests.release.xcconfig */;
			buildSettings = {
				ALWAYS_EMBED_SWIFT_STANDARD_LIBRARIES = YES;
				CODE_SIGN_STYLE = Automatic;
				INFOPLIST_FILE = MemoAppUITests/Info.plist;
				LD_RUNPATH_SEARCH_PATHS = (
					"$(inherited)",
					"@executable_path/Frameworks",
					"@loader_path/Frameworks",
				);
				PRODUCT_BUNDLE_IDENTIFIER = com.litech.MemoAppUITests;
				PRODUCT_NAME = "$(TARGET_NAME)";
				SWIFT_VERSION = 5.0;
				TARGETED_DEVICE_FAMILY = "1,2";
				TEST_TARGET_NAME = MemoApp;
			};
			name = Release;
		};
/* End XCBuildConfiguration section */

/* Begin XCConfigurationList section */
		79E1E7512386B53D00A4A42E /* Build configuration list for PBXProject "MemoApp" */ = {
			isa = XCConfigurationList;
			buildConfigurations = (
				79E1E7812386B54200A4A42E /* Debug */,
				79E1E7822386B54200A4A42E /* Release */,
			);
			defaultConfigurationIsVisible = 0;
			defaultConfigurationName = Release;
		};
		79E1E7832386B54200A4A42E /* Build configuration list for PBXNativeTarget "MemoApp" */ = {
			isa = XCConfigurationList;
			buildConfigurations = (
				79E1E7842386B54200A4A42E /* Debug */,
				79E1E7852386B54200A4A42E /* Release */,
			);
			defaultConfigurationIsVisible = 0;
			defaultConfigurationName = Release;
		};
		79E1E7862386B54200A4A42E /* Build configuration list for PBXNativeTarget "MemoAppTests" */ = {
			isa = XCConfigurationList;
			buildConfigurations = (
				79E1E7872386B54200A4A42E /* Debug */,
				79E1E7882386B54200A4A42E /* Release */,
			);
			defaultConfigurationIsVisible = 0;
			defaultConfigurationName = Release;
		};
		79E1E7892386B54200A4A42E /* Build configuration list for PBXNativeTarget "MemoAppUITests" */ = {
			isa = XCConfigurationList;
			buildConfigurations = (
				79E1E78A2386B54200A4A42E /* Debug */,
				79E1E78B2386B54200A4A42E /* Release */,
			);
			defaultConfigurationIsVisible = 0;
			defaultConfigurationName = Release;
		};
/* End XCConfigurationList section */

/* Begin XCVersionGroup section */
		79E1E75D2386B53D00A4A42E /* MemoApp.xcdatamodeld */ = {
			isa = XCVersionGroup;
			children = (
				79E1E75E2386B53D00A4A42E /* MemoApp.xcdatamodel */,
			);
			currentVersion = 79E1E75E2386B53D00A4A42E /* MemoApp.xcdatamodel */;
			path = MemoApp.xcdatamodeld;
			sourceTree = "<group>";
			versionGroupType = wrapper.xcdatamodel;
		};
/* End XCVersionGroup section */
	};
	rootObject = 79E1E74E2386B53D00A4A42E /* Project object */;
}
